
Microsoft Visual Studio Solution File, Format Version 12.00
# Visual Studio 14
VisualStudioVersion = 14.0.24720.0
MinimumVisualStudioVersion = 10.0.40219.1
Project("{FAE04EC0-301F-11D3-BF4B-00C04F79EFBC}") = "WindowsFormsApplication14", "WindowsFormsApplication14\WindowsFormsApplication14.csproj", "{3BA61B31-1597-4F6E-B86B-9F80835E57BD}"
EndProject
Global
	GlobalSection(SolutionConfigurationPlatforms) = preSolution
		Debug|Any CPU = Debug|Any CPU
		Release|Any CPU = Release|Any CPU
	EndGlobalSection
	GlobalSection(ProjectConfigurationPlatforms) = postSolution
		{3BA61B31-1597-4F6E-B86B-9F80835E57BD}.Debug|Any CPU.ActiveCfg = Debug|Any CPU
		{3BA61B31-1597-4F6E-B86B-9F80835E57BD}.Debug|Any CPU.Build.0 = Debug|Any CPU
		{3BA61B31-1597-4F6E-B86B-9F80835E57BD}.Release|Any CPU.ActiveCfg = Release|Any CPU
		{3BA61B31-1597-4F6E-B86B-9F80835E57BD}.Release|Any CPU.Build.0 = Release|Any CPU
	EndGlobalSection
	GlobalSection(SolutionProperties) = preSolution
		HideSolutionNode = FALSE
	EndGlobalSection
EndGlobal
